// !$*UTF8*$!
{
	archiveVersion = 1;
	classes = {
	};
	objectVersion = 50;
	objects = {

/* Begin PBXBuildFile section */
		F10FC1DA238EAA7600B25C1E /* ReceipesSelectionVC.swift in Sources */ = {isa = PBXBuildFile; fileRef = F10FC1D9238EAA7600B25C1E /* ReceipesSelectionVC.swift */; };
		F121D37E238D4EDB005964B6 /* CatergoryCell.swift in Sources */ = {isa = PBXBuildFile; fileRef = F121D37D238D4EDB005964B6 /* CatergoryCell.swift */; };
		F1C841BB2386C19300E09619 /* AppDelegate.swift in Sources */ = {isa = PBXBuildFile; fileRef = F1C841BA2386C19300E09619 /* AppDelegate.swift */; };
		F1C841BD2386C19300E09619 /* SceneDelegate.swift in Sources */ = {isa = PBXBuildFile; fileRef = F1C841BC2386C19300E09619 /* SceneDelegate.swift */; };
		F1C841BF2386C19300E09619 /* ViewController.swift in Sources */ = {isa = PBXBuildFile; fileRef = F1C841BE2386C19300E09619 /* ViewController.swift */; };
		F1C841C22386C19300E09619 /* Main.storyboard in Resources */ = {isa = PBXBuildFile; fileRef = F1C841C02386C19300E09619 /* Main.storyboard */; };
		F1C841C42386C19800E09619 /* Assets.xcassets in Resources */ = {isa = PBXBuildFile; fileRef = F1C841C32386C19800E09619 /* Assets.xcassets */; };
		F1C841C72386C19800E09619 /* LaunchScreen.storyboard in Resources */ = {isa = PBXBuildFile; fileRef = F1C841C52386C19800E09619 /* LaunchScreen.storyboard */; };
		F1C841D22386CE4100E09619 /* FoodCategory.swift in Sources */ = {isa = PBXBuildFile; fileRef = F1C841D12386CE4100E09619 /* FoodCategory.swift */; };
		F1C841D42386D1B700E09619 /* Recipe.swift in Sources */ = {isa = PBXBuildFile; fileRef = F1C841D32386D1B700E09619 /* Recipe.swift */; };
		F1C841D62386D23000E09619 /* DataSet.swift in Sources */ = {isa = PBXBuildFile; fileRef = F1C841D52386D23000E09619 /* DataSet.swift */; };
/* End PBXBuildFile section */

/* Begin PBXFileReference section */
		F10FC1D9238EAA7600B25C1E /* ReceipesSelectionVC.swift */ = {isa = PBXFileReference; lastKnownFileType = sourcecode.swift; path = ReceipesSelectionVC.swift; sourceTree = "<group>"; };
		F121D37D238D4EDB005964B6 /* CatergoryCell.swift */ = {isa = PBXFileReference; lastKnownFileType = sourcecode.swift; path = CatergoryCell.swift; sourceTree = "<group>"; };
		F1C841B72386C19300E09619 /* LunchBox.app */ = {isa = PBXFileReference; explicitFileType = wrapper.application; includeInIndex = 0; path = LunchBox.app; sourceTree = BUILT_PRODUCTS_DIR; };
		F1C841BA2386C19300E09619 /* AppDelegate.swift */ = {isa = PBXFileReference; lastKnownFileType = sourcecode.swift; path = AppDelegate.swift; sourceTree = "<group>"; };
		F1C841BC2386C19300E09619 /* SceneDelegate.swift */ = {isa = PBXFileReference; lastKnownFileType = sourcecode.swift; path = SceneDelegate.swift; sourceTree = "<group>"; };
		F1C841BE2386C19300E09619 /* ViewController.swift */ = {isa = PBXFileReference; lastKnownFileType = sourcecode.swift; path = ViewController.swift; sourceTree = "<group>"; };
		F1C841C12386C19300E09619 /* Base */ = {isa = PBXFileReference; lastKnownFileType = file.storyboard; name = Base; path = Base.lproj/Main.storyboard; sourceTree = "<group>"; };
		F1C841C32386C19800E09619 /* Assets.xcassets */ = {isa = PBXFileReference; lastKnownFileType = folder.assetcatalog; path = Assets.xcassets; sourceTree = "<group>"; };
		F1C841C62386C19800E09619 /* Base */ = {isa = PBXFileReference; lastKnownFileType = file.storyboard; name = Base; path = Base.lproj/LaunchScreen.storyboard; sourceTree = "<group>"; };
		F1C841C82386C19800E09619 /* Info.plist */ = {isa = PBXFileReference; lastKnownFileType = text.plist.xml; path = Info.plist; sourceTree = "<group>"; };
		F1C841D12386CE4100E09619 /* FoodCategory.swift */ = {isa = PBXFileReference; lastKnownFileType = sourcecode.swift; path = FoodCategory.swift; sourceTree = "<group>"; };
		F1C841D32386D1B700E09619 /* Recipe.swift */ = {isa = PBXFileReference; lastKnownFileType = sourcecode.swift; path = Recipe.swift; sourceTree = "<group>"; };
		F1C841D52386D23000E09619 /* DataSet.swift */ = {isa = PBXFileReference; lastKnownFileType = sourcecode.swift; path = DataSet.swift; sourceTree = "<group>"; };
/* End PBXFileReference section */

/* Begin PBXFrameworksBuildPhase section */
		F1C841B42386C19300E09619 /* Frameworks */ = {
			isa = PBXFrameworksBuildPhase;
			buildActionMask = 2147483647;
			files = (
			);
			runOnlyForDeploymentPostprocessing = 0;
		};
/* End PBXFrameworksBuildPhase section */

/* Begin PBXGroup section */
		F1C841AE2386C19300E09619 = {
			isa = PBXGroup;
			children = (
				F1C841B92386C19300E09619 /* LunchBox */,
				F1C841B82386C19300E09619 /* Products */,
			);
			sourceTree = "<group>";
		};
		F1C841B82386C19300E09619 /* Products */ = {
			isa = PBXGroup;
			children = (
				F1C841B72386C19300E09619 /* LunchBox.app */,
			);
			name = Products;
			sourceTree = "<group>";
		};
		F1C841B92386C19300E09619 /* LunchBox */ = {
			isa = PBXGroup;
			children = (
				F1C841CF2386C1F700E09619 /* Model */,
				F1C841CE2386C1C300E09619 /* View */,
				F1C841D02386C1FE00E09619 /* Controller */,
				F1C841BA2386C19300E09619 /* AppDelegate.swift */,
				F1C841BC2386C19300E09619 /* SceneDelegate.swift */,
				F1C841C02386C19300E09619 /* Main.storyboard */,
				F1C841C32386C19800E09619 /* Assets.xcassets */,
				F1C841C52386C19800E09619 /* LaunchScreen.storyboard */,
				F1C841C82386C19800E09619 /* Info.plist */,
			);
			path = LunchBox;
			sourceTree = "<group>";
		};
		F1C841CE2386C1C300E09619 /* View */ = {
			isa = PBXGroup;
			children = (
				F121D37D238D4EDB005964B6 /* CatergoryCell.swift */,
			);
			path = View;
			sourceTree = "<group>";
		};
		F1C841CF2386C1F700E09619 /* Model */ = {
			isa = PBXGroup;
			children = (
				F1C841D12386CE4100E09619 /* FoodCategory.swift */,
				F1C841D32386D1B700E09619 /* Recipe.swift */,
				F1C841D52386D23000E09619 /* DataSet.swift */,
			);
			path = Model;
			sourceTree = "<group>";
		};
		F1C841D02386C1FE00E09619 /* Controller */ = {
			isa = PBXGroup;
			children = (
				F1C841BE2386C19300E09619 /* ViewController.swift */,
				F10FC1D9238EAA7600B25C1E /* ReceipesSelectionVC.swift */,
			);
			path = Controller;
			sourceTree = "<group>";
		};
/* End PBXGroup section */

/* Begin PBXNativeTarget section */
		F1C841B62386C19300E09619 /* LunchBox */ = {
			isa = PBXNativeTarget;
			buildConfigurationList = F1C841CB2386C19800E09619 /* Build configuration list for PBXNativeTarget "LunchBox" */;
			buildPhases = (
				F1C841B32386C19300E09619 /* Sources */,
				F1C841B42386C19300E09619 /* Frameworks */,
				F1C841B52386C19300E09619 /* Resources */,
			);
			buildRules = (
			);
			dependencies = (
			);
			name = LunchBox;
			productName = LunchBox;
			productReference = F1C841B72386C19300E09619 /* LunchBox.app */;
			productType = "com.apple.product-type.application";
		};
/* End PBXNativeTarget section */

/* Begin PBXProject section */
		F1C841AF2386C19300E09619 /* Project object */ = {
			isa = PBXProject;
			attributes = {
				LastSwiftUpdateCheck = 1110;
				LastUpgradeCheck = 1110;
				ORGANIZATIONNAME = "Adonis Rumbwere";
				TargetAttributes = {
					F1C841B62386C19300E09619 = {
						CreatedOnToolsVersion = 11.1;
					};
				};
			};
			buildConfigurationList = F1C841B22386C19300E09619 /* Build configuration list for PBXProject "LunchBox" */;
			compatibilityVersion = "Xcode 9.3";
			developmentRegion = en;
			hasScannedForEncodings = 0;
			knownRegions = (
				en,
				Base,
			);
			mainGroup = F1C841AE2386C19300E09619;
			productRefGroup = F1C841B82386C19300E09619 /* Products */;
			projectDirPath = "";
			projectRoot = "";
			targets = (
				F1C841B62386C19300E09619 /* LunchBox */,
			);
		};
/* End PBXProject section */

/* Begin PBXResourcesBuildPhase section */
		F1C841B52386C19300E09619 /* Resources */ = {
			isa = PBXResourcesBuildPhase;
			buildActionMask = 2147483647;
			files = (
				F1C841C72386C19800E09619 /* LaunchScreen.storyboard in Resources */,
				F1C841C42386C19800E09619 /* Assets.xcassets in Resources */,
				F1C841C22386C19300E09619 /* Main.storyboard in Resources */,
			);
			runOnlyForDeploymentPostprocessing = 0;
		};
/* End PBXResourcesBuildPhase section */

/* Begin PBXSourcesBuildPhase section */
		F1C841B32386C19300E09619 /* Sources */ = {
			isa = PBXSourcesBuildPhase;
			buildActionMask = 2147483647;
			files = (
				F1C841D62386D23000E09619 /* DataSet.swift in Sources */,
				F1C841BF2386C19300E09619 /* ViewController.swift in Sources */,
				F121D37E238D4EDB005964B6 /* CatergoryCell.swift in Sources */,
				F10FC1DA238EAA7600B25C1E /* ReceipesSelectionVC.swift in Sources */,
				F1C841BB2386C19300E09619 /* AppDelegate.swift in Sources */,
				F1C841BD2386C19300E09619 /* SceneDelegate.swift in Sources */,
				F1C841D22386CE4100E09619 /* FoodCategory.swift in Sources */,
				F1C841D42386D1B700E09619 /* Recipe.swift in Sources */,
			);
			runOnlyForDeploymentPostprocessing = 0;
		};
/* End PBXSourcesBuildPhase section */

/* Begin PBXVariantGroup section */
		F1C841C02386C19300E09619 /* Main.storyboard */ = {
			isa = PBXVariantGroup;
			children = (
				F1C841C12386C19300E09619 /* Base */,
			);
			name = Main.storyboard;
			sourceTree = "<group>";
		};
		F1C841C52386C19800E09619 /* LaunchScreen.storyboard */ = {
			isa = PBXVariantGroup;
			children = (
				F1C841C62386C19800E09619 /* Base */,
			);
			name = LaunchScreen.storyboard;
			sourceTree = "<group>";
		};
/* End PBXVariantGroup section */

/* Begin XCBuildConfiguration section */
		F1C841C92386C19800E09619 /* Debug */ = {
			isa = XCBuildConfiguration;
			buildSettings = {
				ALWAYS_SEARCH_USER_PATHS = NO;
				CLANG_ANALYZER_NONNULL = YES;
				CLANG_ANALYZER_NUMBER_OBJECT_CONVERSION = YES_AGGRESSIVE;
				CLANG_CXX_LANGUAGE_STANDARD = "gnu++14";
				CLANG_CXX_LIBRARY = "libc++";
				CLANG_ENABLE_MODULES = YES;
				CLANG_ENABLE_OBJC_ARC = YES;
				CLANG_ENABLE_OBJC_WEAK = YES;
				CLANG_WARN_BLOCK_CAPTURE_AUTORELEASING = YES;
				CLANG_WARN_BOOL_CONVERSION = YES;
				CLANG_WARN_COMMA = YES;
				CLANG_WARN_CONSTANT_CONVERSION = YES;
				CLANG_WARN_DEPRECATED_OBJC_IMPLEMENTATIONS = YES;
				CLANG_WARN_DIRECT_OBJC_ISA_USAGE = YES_ERROR;
				CLANG_WARN_DOCUMENTATION_COMMENTS = YES;
				CLANG_WARN_EMPTY_BODY = YES;
				CLANG_WARN_ENUM_CONVERSION = YES;
				CLANG_WARN_INFINITE_RECURSION = YES;
				CLANG_WARN_INT_CONVERSION = YES;
				CLANG_WARN_NON_LITERAL_NULL_CONVERSION = YES;
				CLANG_WARN_OBJC_IMPLICIT_RETAIN_SELF = YES;
				CLANG_WARN_OBJC_LITERAL_CONVERSION = YES;
				CLANG_WARN_OBJC_ROOT_CLASS = YES_ERROR;
				CLANG_WARN_RANGE_LOOP_ANALYSIS = YES;
				CLANG_WARN_STRICT_PROTOTYPES = YES;
				CLANG_WARN_SUSPICIOUS_MOVE = YES;
				CLANG_WARN_UNGUARDED_AVAILABILITY = YES_AGGRESSIVE;
				CLANG_WARN_UNREACHABLE_CODE = YES;
				CLANG_WARN__DUPLICATE_METHOD_MATCH = YES;
				COPY_PHASE_STRIP = NO;
				DEBUG_INFORMATION_FORMAT = dwarf;
				ENABLE_STRICT_OBJC_MSGSEND = YES;
				ENABLE_TESTABILITY = YES;
				GCC_C_LANGUAGE_STANDARD = gnu11;
				GCC_DYNAMIC_NO_PIC = NO;
				GCC_NO_COMMON_BLOCKS = YES;
				GCC_OPTIMIZATION_LEVEL = 0;
				GCC_PREPROCESSOR_DEFINITIONS = (
					"DEBUG=1",
					"$(inherited)",
				);
				GCC_WARN_64_TO_32_BIT_CONVERSION = YES;
				GCC_WARN_ABOUT_RETURN_TYPE = YES_ERROR;
				GCC_WARN_UNDECLARED_SELECTOR = YES;
				GCC_WARN_UNINITIALIZED_AUTOS = YES_AGGRESSIVE;
				GCC_WARN_UNUSED_FUNCTION = YES;
				GCC_WARN_UNUSED_VARIABLE = YES;
				IPHONEOS_DEPLOYMENT_TARGET = 13.1;
				MTL_ENABLE_DEBUG_INFO = INCLUDE_SOURCE;
				MTL_FAST_MATH = YES;
				ONLY_ACTIVE_ARCH = YES;
				SDKROOT = iphoneos;
				SWIFT_ACTIVE_COMPILATION_CONDITIONS = DEBUG;
				SWIFT_OPTIMIZATION_LEVEL = "-Onone";
			};
			name = Debug;
		};
		F1C841CA2386C19800E09619 /* Release */ = {
			isa = XCBuildConfiguration;
			buildSettings = {
				ALWAYS_SEARCH_USER_PATHS = NO;
				CLANG_ANALYZER_NONNULL = YES;
				CLANG_ANALYZER_NUMBER_OBJECT_CONVERSION = YES_AGGRESSIVE;
				CLANG_CXX_LANGUAGE_STANDARD = "gnu++14";
				CLANG_CXX_LIBRARY = "libc++";
				CLANG_ENABLE_MODULES = YES;
				CLANG_ENABLE_OBJC_ARC = YES;
				CLANG_ENABLE_OBJC_WEAK = YES;
				CLANG_WARN_BLOCK_CAPTURE_AUTORELEASING = YES;
				CLANG_WARN_BOOL_CONVERSION = YES;
				CLANG_WARN_COMMA = YES;
				CLANG_WARN_CONSTANT_CONVERSION = YES;
				CLANG_WARN_DEPRECATED_OBJC_IMPLEMENTATIONS = YES;
				CLANG_WARN_DIRECT_OBJC_ISA_USAGE = YES_ERROR;
				CLANG_WARN_DOCUMENTATION_COMMENTS = YES;
				CLANG_WARN_EMPTY_BODY = YES;
				CLANG_WARN_ENUM_CONVERSION = YES;
				CLANG_WARN_INFINITE_RECURSION = YES;
				CLANG_WARN_INT_CONVERSION = YES;
				CLANG_WARN_NON_LITERAL_NULL_CONVERSION = YES;
				CLANG_WARN_OBJC_IMPLICIT_RETAIN_SELF = YES;
				CLANG_WARN_OBJC_LITERAL_CONVERSION = YES;
				CLANG_WARN_OBJC_ROOT_CLASS = YES_ERROR;
				CLANG_WARN_RANGE_LOOP_ANALYSIS = YES;
				CLANG_WARN_STRICT_PROTOTYPES = YES;
				CLANG_WARN_SUSPICIOUS_MOVE = YES;
				CLANG_WARN_UNGUARDED_AVAILABILITY = YES_AGGRESSIVE;
				CLANG_WARN_UNREACHABLE_CODE = YES;
				CLANG_WARN__DUPLICATE_METHOD_MATCH = YES;
				COPY_PHASE_STRIP = NO;
				DEBUG_INFORMATION_FORMAT = "dwarf-with-dsym";
				ENABLE_NS_ASSERTIONS = NO;
				ENABLE_STRICT_OBJC_MSGSEND = YES;
				GCC_C_LANGUAGE_STANDARD = gnu11;
				GCC_NO_COMMON_BLOCKS = YES;
				GCC_WARN_64_TO_32_BIT_CONVERSION = YES;
				GCC_WARN_ABOUT_RETURN_TYPE = YES_ERROR;
				GCC_WARN_UNDECLARED_SELECTOR = YES;
				GCC_WARN_UNINITIALIZED_AUTOS = YES_AGGRESSIVE;
				GCC_WARN_UNUSED_FUNCTION = YES;
				GCC_WARN_UNUSED_VARIABLE = YES;
				IPHONEOS_DEPLOYMENT_TARGET = 13.1;
				MTL_ENABLE_DEBUG_INFO = NO;
				MTL_FAST_MATH = YES;
				SDKROOT = iphoneos;
				SWIFT_COMPILATION_MODE = wholemodule;
				SWIFT_OPTIMIZATION_LEVEL = "-O";
				VALIDATE_PRODUCT = YES;
			};
			name = Release;
		};
		F1C841CC2386C19800E09619 /* Debug */ = {
			isa = XCBuildConfiguration;
			buildSettings = {
				ASSETCATALOG_COMPILER_APPICON_NAME = AppIcon;
				CODE_SIGN_STYLE = Automatic;
				DEVELOPMENT_TEAM = 4Z6ZC6JCHL;
				INFOPLIST_FILE = LunchBox/Info.plist;
				LD_RUNPATH_SEARCH_PATHS = (
					"$(inherited)",
					"@executable_path/Frameworks",
				);
				PRODUCT_BUNDLE_IDENTIFIER = co.zw.lunchbox.LunchBox;
				PRODUCT_NAME = "$(TARGET_NAME)";
				SWIFT_VERSION = 5.0;
				TARGETED_DEVICE_FAMILY = "1,2";
			};
			name = Debug;
		};
		F1C841CD2386C19800E09619 /* Release */ = {
			isa = XCBuildConfiguration;
			buildSettings = {
				ASSETCATALOG_COMPILER_APPICON_NAME = AppIcon;
				CODE_SIGN_STYLE = Automatic;
				DEVELOPMENT_TEAM = 4Z6ZC6JCHL;
				INFOPLIST_FILE = LunchBox/Info.plist;
				LD_RUNPATH_SEARCH_PATHS = (
					"$(inherited)",
					"@executable_path/Frameworks",
				);
				PRODUCT_BUNDLE_IDENTIFIER = co.zw.lunchbox.LunchBox;
				PRODUCT_NAME = "$(TARGET_NAME)";
				SWIFT_VERSION = 5.0;
				TARGETED_DEVICE_FAMILY = "1,2";
			};
			name = Release;
		};
/* End XCBuildConfiguration section */

/* Begin XCConfigurationList section */
		F1C841B22386C19300E09619 /* Build configuration list for PBXProject "LunchBox" */ = {
			isa = XCConfigurationList;
			buildConfigurations = (
				F1C841C92386C19800E09619 /* Debug */,
				F1C841CA2386C19800E09619 /* Release */,
			);
			defaultConfigurationIsVisible = 0;
			defaultConfigurationName = Release;
		};
		F1C841CB2386C19800E09619 /* Build configuration list for PBXNativeTarget "LunchBox" */ = {
			isa = XCConfigurationList;
			buildConfigurations = (
				F1C841CC2386C19800E09619 /* Debug */,
				F1C841CD2386C19800E09619 /* Release */,
			);
			defaultConfigurationIsVisible = 0;
			defaultConfigurationName = Release;
		};
/* End XCConfigurationList section */
	};
	rootObject = F1C841AF2386C19300E09619 /* Project object */;
}
